// !$*UTF8*$!
{
	archiveVersion = 1;
	classes = {
	};
	objectVersion = 46;
	objects = {

/* Begin PBXBuildFile section */
		8D1A9E661F09EA5E00990ACC /* AppDelegate.swift in Sources */ = {isa = PBXBuildFile; fileRef = 8D1A9E651F09EA5E00990ACC /* AppDelegate.swift */; };
		8D1A9E681F09EA5E00990ACC /* ViewController.swift in Sources */ = {isa = PBXBuildFile; fileRef = 8D1A9E671F09EA5E00990ACC /* ViewController.swift */; };
		8D1A9E6A1F09EA5E00990ACC /* Assets.xcassets in Resources */ = {isa = PBXBuildFile; fileRef = 8D1A9E691F09EA5E00990ACC /* Assets.xcassets */; };
		8D1A9E6D1F09EA5E00990ACC /* Main.storyboard in Resources */ = {isa = PBXBuildFile; fileRef = 8D1A9E6B1F09EA5E00990ACC /* Main.storyboard */; };
		A0C470E88AE8F66F57172481 /* libPods-SerialPort.a in Frameworks */ = {isa = PBXBuildFile; fileRef = C24D95555410CA2008752EB8 /* libPods-SerialPort.a */; settings = {ATTRIBUTES = (Required, ); }; };
/* End PBXBuildFile section */

/* Begin PBXFileReference section */
		3F6F81FB7E3BAE4A02E061AB /* Pods-SerialPort.debug.xcconfig */ = {isa = PBXFileReference; includeInIndex = 1; lastKnownFileType = text.xcconfig; name = "Pods-SerialPort.debug.xcconfig"; path = "Pods/Target Support Files/Pods-SerialPort/Pods-SerialPort.debug.xcconfig"; sourceTree = "<group>"; };
		89451BCF7DBD38AAEA0D3104 /* Pods-SerialPort.release.xcconfig */ = {isa = PBXFileReference; includeInIndex = 1; lastKnownFileType = text.xcconfig; name = "Pods-SerialPort.release.xcconfig"; path = "Pods/Target Support Files/Pods-SerialPort/Pods-SerialPort.release.xcconfig"; sourceTree = "<group>"; };
		8D1A9E621F09EA5E00990ACC /* SerialPort.app */ = {isa = PBXFileReference; explicitFileType = wrapper.application; includeInIndex = 0; path = SerialPort.app; sourceTree = BUILT_PRODUCTS_DIR; };
		8D1A9E651F09EA5E00990ACC /* AppDelegate.swift */ = {isa = PBXFileReference; lastKnownFileType = sourcecode.swift; path = AppDelegate.swift; sourceTree = "<group>"; };
		8D1A9E671F09EA5E00990ACC /* ViewController.swift */ = {isa = PBXFileReference; lastKnownFileType = sourcecode.swift; path = ViewController.swift; sourceTree = "<group>"; };
		8D1A9E691F09EA5E00990ACC /* Assets.xcassets */ = {isa = PBXFileReference; lastKnownFileType = folder.assetcatalog; path = Assets.xcassets; sourceTree = "<group>"; };
		8D1A9E6C1F09EA5E00990ACC /* Base */ = {isa = PBXFileReference; lastKnownFileType = file.storyboard; name = Base; path = Base.lproj/Main.storyboard; sourceTree = "<group>"; };
		8D1A9E6E1F09EA5E00990ACC /* Info.plist */ = {isa = PBXFileReference; lastKnownFileType = text.plist.xml; path = Info.plist; sourceTree = "<group>"; };
		8D1A9E741F09F60600990ACC /* SerialPort-Bridging-Header.h */ = {isa = PBXFileReference; lastKnownFileType = sourcecode.c.h; path = "SerialPort-Bridging-Header.h"; sourceTree = "<group>"; };
		8D1A9E911F0B391400990ACC /* ORSSerialBuffer.h */ = {isa = PBXFileReference; fileEncoding = 4; lastKnownFileType = sourcecode.c.h; path = ORSSerialBuffer.h; sourceTree = "<group>"; };
		8D1A9E921F0B391400990ACC /* ORSSerialPacketDescriptor.h */ = {isa = PBXFileReference; fileEncoding = 4; lastKnownFileType = sourcecode.c.h; path = ORSSerialPacketDescriptor.h; sourceTree = "<group>"; };
		8D1A9E931F0B391400990ACC /* ORSSerialPort.h */ = {isa = PBXFileReference; fileEncoding = 4; lastKnownFileType = sourcecode.c.h; path = ORSSerialPort.h; sourceTree = "<group>"; };
		8D1A9E941F0B391400990ACC /* ORSSerialPortManager.h */ = {isa = PBXFileReference; fileEncoding = 4; lastKnownFileType = sourcecode.c.h; path = ORSSerialPortManager.h; sourceTree = "<group>"; };
		8D1A9E951F0B391400990ACC /* ORSSerialRequest.h */ = {isa = PBXFileReference; fileEncoding = 4; lastKnownFileType = sourcecode.c.h; path = ORSSerialRequest.h; sourceTree = "<group>"; };
		C24D95555410CA2008752EB8 /* libPods-SerialPort.a */ = {isa = PBXFileReference; explicitFileType = archive.ar; includeInIndex = 0; path = "libPods-SerialPort.a"; sourceTree = BUILT_PRODUCTS_DIR; };
/* End PBXFileReference section */

/* Begin PBXFrameworksBuildPhase section */
		8D1A9E5F1F09EA5E00990ACC /* Frameworks */ = {
			isa = PBXFrameworksBuildPhase;
			buildActionMask = 2147483647;
			files = (
				A0C470E88AE8F66F57172481 /* libPods-SerialPort.a in Frameworks */,
			);
			runOnlyForDeploymentPostprocessing = 0;
		};
/* End PBXFrameworksBuildPhase section */

/* Begin PBXGroup section */
		0A1E3252E626BE8205061C56 /* Pods */ = {
			isa = PBXGroup;
			children = (
				3F6F81FB7E3BAE4A02E061AB /* Pods-SerialPort.debug.xcconfig */,
				89451BCF7DBD38AAEA0D3104 /* Pods-SerialPort.release.xcconfig */,
			);
			name = Pods;
			sourceTree = "<group>";
		};
		30A22B22AFAE9BC02CAB7552 /* Frameworks */ = {
			isa = PBXGroup;
			children = (
				C24D95555410CA2008752EB8 /* libPods-SerialPort.a */,
			);
			name = Frameworks;
			sourceTree = "<group>";
		};
		8D1A9E591F09EA5E00990ACC = {
			isa = PBXGroup;
			children = (
				8D1A9E641F09EA5E00990ACC /* SerialPort */,
				8D1A9E631F09EA5E00990ACC /* Products */,
				0A1E3252E626BE8205061C56 /* Pods */,
				30A22B22AFAE9BC02CAB7552 /* Frameworks */,
			);
			sourceTree = "<group>";
		};
		8D1A9E631F09EA5E00990ACC /* Products */ = {
			isa = PBXGroup;
			children = (
				8D1A9E621F09EA5E00990ACC /* SerialPort.app */,
			);
			name = Products;
			sourceTree = "<group>";
		};
		8D1A9E641F09EA5E00990ACC /* SerialPort */ = {
			isa = PBXGroup;
			children = (
				8D1A9E911F0B391400990ACC /* ORSSerialBuffer.h */,
				8D1A9E921F0B391400990ACC /* ORSSerialPacketDescriptor.h */,
				8D1A9E931F0B391400990ACC /* ORSSerialPort.h */,
				8D1A9E941F0B391400990ACC /* ORSSerialPortManager.h */,
				8D1A9E951F0B391400990ACC /* ORSSerialRequest.h */,
				8D1A9E651F09EA5E00990ACC /* AppDelegate.swift */,
				8D1A9E671F09EA5E00990ACC /* ViewController.swift */,
				8D1A9E691F09EA5E00990ACC /* Assets.xcassets */,
				8D1A9E6B1F09EA5E00990ACC /* Main.storyboard */,
				8D1A9E6E1F09EA5E00990ACC /* Info.plist */,
				8D1A9E741F09F60600990ACC /* SerialPort-Bridging-Header.h */,
			);
			path = SerialPort;
			sourceTree = "<group>";
		};
/* End PBXGroup section */

/* Begin PBXNativeTarget section */
		8D1A9E611F09EA5E00990ACC /* SerialPort */ = {
			isa = PBXNativeTarget;
			buildConfigurationList = 8D1A9E711F09EA5E00990ACC /* Build configuration list for PBXNativeTarget "SerialPort" */;
			buildPhases = (
				FC72799C506833D933843E53 /* [CP] Check Pods Manifest.lock */,
				8D1A9E5E1F09EA5E00990ACC /* Sources */,
				8D1A9E5F1F09EA5E00990ACC /* Frameworks */,
				8D1A9E601F09EA5E00990ACC /* Resources */,
				63E3952460EDD9293148B8E0 /* [CP] Embed Pods Frameworks */,
				EB7F7CD5FAC099F953F2DB01 /* [CP] Copy Pods Resources */,
			);
			buildRules = (
			);
			dependencies = (
			);
			name = SerialPort;
			productName = SerialPort;
			productReference = 8D1A9E621F09EA5E00990ACC /* SerialPort.app */;
			productType = "com.apple.product-type.application";
		};
/* End PBXNativeTarget section */

/* Begin PBXProject section */
		8D1A9E5A1F09EA5E00990ACC /* Project object */ = {
			isa = PBXProject;
			attributes = {
				LastSwiftUpdateCheck = 0830;
				LastUpgradeCheck = 0830;
				ORGANIZATIONNAME = "刘尊";
				TargetAttributes = {
					8D1A9E611F09EA5E00990ACC = {
						CreatedOnToolsVersion = 8.3.3;
						ProvisioningStyle = Automatic;
					};
				};
			};
			buildConfigurationList = 8D1A9E5D1F09EA5E00990ACC /* Build configuration list for PBXProject "SerialPort" */;
			compatibilityVersion = "Xcode 3.2";
			developmentRegion = English;
			hasScannedForEncodings = 0;
			knownRegions = (
				en,
				Base,
			);
			mainGroup = 8D1A9E591F09EA5E00990ACC;
			productRefGroup = 8D1A9E631F09EA5E00990ACC /* Products */;
			projectDirPath = "";
			projectRoot = "";
			targets = (
				8D1A9E611F09EA5E00990ACC /* SerialPort */,
			);
		};
/* End PBXProject section */

/* Begin PBXResourcesBuildPhase section */
		8D1A9E601F09EA5E00990ACC /* Resources */ = {
			isa = PBXResourcesBuildPhase;
			buildActionMask = 2147483647;
			files = (
				8D1A9E6A1F09EA5E00990ACC /* Assets.xcassets in Resources */,
				8D1A9E6D1F09EA5E00990ACC /* Main.storyboard in Resources */,
			);
			runOnlyForDeploymentPostprocessing = 0;
		};
/* End PBXResourcesBuildPhase section */

/* Begin PBXShellScriptBuildPhase section */
		63E3952460EDD9293148B8E0 /* [CP] Embed Pods Frameworks */ = {
			isa = PBXShellScriptBuildPhase;
			buildActionMask = 2147483647;
			files = (
			);
			inputPaths = (
			);
			name = "[CP] Embed Pods Frameworks";
			outputPaths = (
			);
			runOnlyForDeploymentPostprocessing = 0;
			shellPath = /bin/sh;
			shellScript = "\"${SRCROOT}/Pods/Target Support Files/Pods-SerialPort/Pods-SerialPort-frameworks.sh\"\n";
			showEnvVarsInLog = 0;
		};
		EB7F7CD5FAC099F953F2DB01 /* [CP] Copy Pods Resources */ = {
			isa = PBXShellScriptBuildPhase;
			buildActionMask = 2147483647;
			files = (
			);
			inputPaths = (
			);
			name = "[CP] Copy Pods Resources";
			outputPaths = (
			);
			runOnlyForDeploymentPostprocessing = 0;
			shellPath = /bin/sh;
			shellScript = "\"${SRCROOT}/Pods/Target Support Files/Pods-SerialPort/Pods-SerialPort-resources.sh\"\n";
			showEnvVarsInLog = 0;
		};
		FC72799C506833D933843E53 /* [CP] Check Pods Manifest.lock */ = {
			isa = PBXShellScriptBuildPhase;
			buildActionMask = 2147483647;
			files = (
			);
			inputPaths = (
			);
			name = "[CP] Check Pods Manifest.lock";
			outputPaths = (
			);
			runOnlyForDeploymentPostprocessing = 0;
			shellPath = /bin/sh;
			shellScript = "diff \"${PODS_PODFILE_DIR_PATH}/Podfile.lock\" \"${PODS_ROOT}/Manifest.lock\" > /dev/null\nif [ $? != 0 ] ; then\n    # print error to STDERR\n    echo \"error: The sandbox is not in sync with the Podfile.lock. Run 'pod install' or update your CocoaPods installation.\" >&2\n    exit 1\nfi\n";
			showEnvVarsInLog = 0;
		};
/* End PBXShellScriptBuildPhase section */

/* Begin PBXSourcesBuildPhase section */
		8D1A9E5E1F09EA5E00990ACC /* Sources */ = {
			isa = PBXSourcesBuildPhase;
			buildActionMask = 2147483647;
			files = (
				8D1A9E681F09EA5E00990ACC /* ViewController.swift in Sources */,
				8D1A9E661F09EA5E00990ACC /* AppDelegate.swift in Sources */,
			);
			runOnlyForDeploymentPostprocessing = 0;
		};
/* End PBXSourcesBuildPhase section */

/* Begin PBXVariantGroup section */
		8D1A9E6B1F09EA5E00990ACC /* Main.storyboard */ = {
			isa = PBXVariantGroup;
			children = (
				8D1A9E6C1F09EA5E00990ACC /* Base */,
			);
			name = Main.storyboard;
			sourceTree = "<group>";
		};
/* End PBXVariantGroup section */

/* Begin XCBuildConfiguration section */
		8D1A9E6F1F09EA5E00990ACC /* Debug */ = {
			isa = XCBuildConfiguration;
			buildSettings = {
				ALWAYS_SEARCH_USER_PATHS = NO;
				CLANG_ANALYZER_NONNULL = YES;
				CLANG_ANALYZER_NUMBER_OBJECT_CONVERSION = YES_AGGRESSIVE;
				CLANG_CXX_LANGUAGE_STANDARD = "gnu++0x";
				CLANG_CXX_LIBRARY = "libc++";
				CLANG_ENABLE_MODULES = YES;
				CLANG_ENABLE_OBJC_ARC = YES;
				CLANG_WARN_BOOL_CONVERSION = YES;
				CLANG_WARN_CONSTANT_CONVERSION = YES;
				CLANG_WARN_DIRECT_OBJC_ISA_USAGE = YES_ERROR;
				CLANG_WARN_DOCUMENTATION_COMMENTS = YES;
				CLANG_WARN_EMPTY_BODY = YES;
				CLANG_WARN_ENUM_CONVERSION = YES;
				CLANG_WARN_INFINITE_RECURSION = YES;
				CLANG_WARN_INT_CONVERSION = YES;
				CLANG_WARN_OBJC_ROOT_CLASS = YES_ERROR;
				CLANG_WARN_SUSPICIOUS_MOVE = YES;
				CLANG_WARN_UNREACHABLE_CODE = YES;
				CLANG_WARN__DUPLICATE_METHOD_MATCH = YES;
				CODE_SIGN_IDENTITY = "-";
				COPY_PHASE_STRIP = NO;
				DEBUG_INFORMATION_FORMAT = dwarf;
				ENABLE_STRICT_OBJC_MSGSEND = YES;
				ENABLE_TESTABILITY = YES;
				GCC_C_LANGUAGE_STANDARD = gnu99;
				GCC_DYNAMIC_NO_PIC = NO;
				GCC_NO_COMMON_BLOCKS = YES;
				GCC_OPTIMIZATION_LEVEL = 0;
				GCC_PREPROCESSOR_DEFINITIONS = (
					"DEBUG=1",
					"$(inherited)",
				);
				GCC_WARN_64_TO_32_BIT_CONVERSION = YES;
				GCC_WARN_ABOUT_RETURN_TYPE = YES_ERROR;
				GCC_WARN_UNDECLARED_SELECTOR = YES;
				GCC_WARN_UNINITIALIZED_AUTOS = YES_AGGRESSIVE;
				GCC_WARN_UNUSED_FUNCTION = YES;
				GCC_WARN_UNUSED_VARIABLE = YES;
				MACOSX_DEPLOYMENT_TARGET = 10.12;
				MTL_ENABLE_DEBUG_INFO = YES;
				ONLY_ACTIVE_ARCH = YES;
				SDKROOT = macosx;
				SWIFT_ACTIVE_COMPILATION_CONDITIONS = DEBUG;
				SWIFT_OPTIMIZATION_LEVEL = "-Onone";
			};
			name = Debug;
		};
		8D1A9E701F09EA5E00990ACC /* Release */ = {
			isa = XCBuildConfiguration;
			buildSettings = {
				ALWAYS_SEARCH_USER_PATHS = NO;
				CLANG_ANALYZER_NONNULL = YES;
				CLANG_ANALYZER_NUMBER_OBJECT_CONVERSION = YES_AGGRESSIVE;
				CLANG_CXX_LANGUAGE_STANDARD = "gnu++0x";
				CLANG_CXX_LIBRARY = "libc++";
				CLANG_ENABLE_MODULES = YES;
				CLANG_ENABLE_OBJC_ARC = YES;
				CLANG_WARN_BOOL_CONVERSION = YES;
				CLANG_WARN_CONSTANT_CONVERSION = YES;
				CLANG_WARN_DIRECT_OBJC_ISA_USAGE = YES_ERROR;
				CLANG_WARN_DOCUMENTATION_COMMENTS = YES;
				CLANG_WARN_EMPTY_BODY = YES;
				CLANG_WARN_ENUM_CONVERSION = YES;
				CLANG_WARN_INFINITE_RECURSION = YES;
				CLANG_WARN_INT_CONVERSION = YES;
				CLANG_WARN_OBJC_ROOT_CLASS = YES_ERROR;
				CLANG_WARN_SUSPICIOUS_MOVE = YES;
				CLANG_WARN_UNREACHABLE_CODE = YES;
				CLANG_WARN__DUPLICATE_METHOD_MATCH = YES;
				CODE_SIGN_IDENTITY = "-";
				COPY_PHASE_STRIP = NO;
				DEBUG_INFORMATION_FORMAT = "dwarf-with-dsym";
				ENABLE_NS_ASSERTIONS = NO;
				ENABLE_STRICT_OBJC_MSGSEND = YES;
				GCC_C_LANGUAGE_STANDARD = gnu99;
				GCC_NO_COMMON_BLOCKS = YES;
				GCC_WARN_64_TO_32_BIT_CONVERSION = YES;
				GCC_WARN_ABOUT_RETURN_TYPE = YES_ERROR;
				GCC_WARN_UNDECLARED_SELECTOR = YES;
				GCC_WARN_UNINITIALIZED_AUTOS = YES_AGGRESSIVE;
				GCC_WARN_UNUSED_FUNCTION = YES;
				GCC_WARN_UNUSED_VARIABLE = YES;
				MACOSX_DEPLOYMENT_TARGET = 10.12;
				MTL_ENABLE_DEBUG_INFO = NO;
				SDKROOT = macosx;
				SWIFT_OPTIMIZATION_LEVEL = "-Owholemodule";
			};
			name = Release;
		};
		8D1A9E721F09EA5E00990ACC /* Debug */ = {
			isa = XCBuildConfiguration;
			baseConfigurationReference = 3F6F81FB7E3BAE4A02E061AB /* Pods-SerialPort.debug.xcconfig */;
			buildSettings = {
				ASSETCATALOG_COMPILER_APPICON_NAME = AppIcon;
				COMBINE_HIDPI_IMAGES = YES;
				INFOPLIST_FILE = SerialPort/Info.plist;
				LD_RUNPATH_SEARCH_PATHS = "$(inherited) @executable_path/../Frameworks";
				PRODUCT_BUNDLE_IDENTIFIER = com.liuzun.SerialPort;
				PRODUCT_NAME = "$(TARGET_NAME)";
				SWIFT_VERSION = 3.0;
			};
			name = Debug;
		};
		8D1A9E731F09EA5E00990ACC /* Release */ = {
			isa = XCBuildConfiguration;
			baseConfigurationReference = 89451BCF7DBD38AAEA0D3104 /* Pods-SerialPort.release.xcconfig */;
			buildSettings = {
				ASSETCATALOG_COMPILER_APPICON_NAME = AppIcon;
				COMBINE_HIDPI_IMAGES = YES;
				INFOPLIST_FILE = SerialPort/Info.plist;
				LD_RUNPATH_SEARCH_PATHS = "$(inherited) @executable_path/../Frameworks";
				PRODUCT_BUNDLE_IDENTIFIER = com.liuzun.SerialPort;
				PRODUCT_NAME = "$(TARGET_NAME)";
				SWIFT_VERSION = 3.0;
			};
			name = Release;
		};
/* End XCBuildConfiguration section */

/* Begin XCConfigurationList section */
		8D1A9E5D1F09EA5E00990ACC /* Build configuration list for PBXProject "SerialPort" */ = {
			isa = XCConfigurationList;
			buildConfigurations = (
				8D1A9E6F1F09EA5E00990ACC /* Debug */,
				8D1A9E701F09EA5E00990ACC /* Release */,
			);
			defaultConfigurationIsVisible = 0;
			defaultConfigurationName = Release;
		};
		8D1A9E711F09EA5E00990ACC /* Build configuration list for PBXNativeTarget "SerialPort" */ = {
			isa = XCConfigurationList;
			buildConfigurations = (
				8D1A9E721F09EA5E00990ACC /* Debug */,
				8D1A9E731F09EA5E00990ACC /* Release */,
			);
			defaultConfigurationIsVisible = 0;
			defaultConfigurationName = Release;
		};
/* End XCConfigurationList section */
	};
	rootObject = 8D1A9E5A1F09EA5E00990ACC /* Project object */;
}
